// !$*UTF8*$!
{
	archiveVersion = 1;
	classes = {
	};
	objectVersion = 56;
	objects = {

/* Begin PBXBuildFile section */
		6693F21A29DC71340042E564 /* BaseViewController.swift in Sources */ = {isa = PBXBuildFile; fileRef = 6693F21929DC71340042E564 /* BaseViewController.swift */; };
		66A5F09029D458E0008F9562 /* AppDelegate.swift in Sources */ = {isa = PBXBuildFile; fileRef = 66A5F08F29D458E0008F9562 /* AppDelegate.swift */; };
		66A5F09A29D458E0008F9562 /* iOSCodingTask.xcdatamodeld in Sources */ = {isa = PBXBuildFile; fileRef = 66A5F09829D458E0008F9562 /* iOSCodingTask.xcdatamodeld */; };
		66A5F09C29D458E1008F9562 /* Assets.xcassets in Resources */ = {isa = PBXBuildFile; fileRef = 66A5F09B29D458E1008F9562 /* Assets.xcassets */; };
		66A5F0A729D46212008F9562 /* LocationModel.swift in Sources */ = {isa = PBXBuildFile; fileRef = 66A5F0A629D46212008F9562 /* LocationModel.swift */; };
		66A5F0AB29D4630B008F9562 /* ConditionModel.swift in Sources */ = {isa = PBXBuildFile; fileRef = 66A5F0AA29D4630B008F9562 /* ConditionModel.swift */; };
		66A5F0AD29D46FA7008F9562 /* WeatherDTOModel.swift in Sources */ = {isa = PBXBuildFile; fileRef = 66A5F0AC29D46FA7008F9562 /* WeatherDTOModel.swift */; };
		66A5F0AF29D470C7008F9562 /* ForecastForThreeDaysModel.swift in Sources */ = {isa = PBXBuildFile; fileRef = 66A5F0AE29D470C7008F9562 /* ForecastForThreeDaysModel.swift */; };
		66A5F0B129D470E8008F9562 /* ForecastDayModel.swift in Sources */ = {isa = PBXBuildFile; fileRef = 66A5F0B029D470E8008F9562 /* ForecastDayModel.swift */; };
		66A5F0B329D47129008F9562 /* CurrentModel.swift in Sources */ = {isa = PBXBuildFile; fileRef = 66A5F0B229D47129008F9562 /* CurrentModel.swift */; };
		66A5F0B529D473D6008F9562 /* SingleDayModel.swift in Sources */ = {isa = PBXBuildFile; fileRef = 66A5F0B429D473D6008F9562 /* SingleDayModel.swift */; };
		66A5F0B729D475DC008F9562 /* EndpointCase.swift in Sources */ = {isa = PBXBuildFile; fileRef = 66A5F0B629D475DC008F9562 /* EndpointCase.swift */; };
		66A5F0CB29D48903008F9562 /* APIClient.swift in Sources */ = {isa = PBXBuildFile; fileRef = 66A5F0CA29D48903008F9562 /* APIClient.swift */; };
		66AE35BA29DC51F200D22CC9 /* Coordinator.swift in Sources */ = {isa = PBXBuildFile; fileRef = 66AE35B929DC51F200D22CC9 /* Coordinator.swift */; };
		66AE35BC29DC521D00D22CC9 /* MainCoordinator.swift in Sources */ = {isa = PBXBuildFile; fileRef = 66AE35BB29DC521D00D22CC9 /* MainCoordinator.swift */; };
		66AE35BE29DC539300D22CC9 /* SceneDelegate.swift in Sources */ = {isa = PBXBuildFile; fileRef = 66AE35BD29DC539300D22CC9 /* SceneDelegate.swift */; };
		66AF207329D58F5E00F41811 /* ContentStackView.swift in Sources */ = {isa = PBXBuildFile; fileRef = 66AF207229D58F5E00F41811 /* ContentStackView.swift */; };
		66AF207729D59AA500F41811 /* WeatherViewController.swift in Sources */ = {isa = PBXBuildFile; fileRef = 66AF207629D59AA500F41811 /* WeatherViewController.swift */; };
		66AF207929D5B2C300F41811 /* CityStackView.swift in Sources */ = {isa = PBXBuildFile; fileRef = 66AF207829D5B2C300F41811 /* CityStackView.swift */; };
		66AF207B29D5D75C00F41811 /* ForecastStackView.swift in Sources */ = {isa = PBXBuildFile; fileRef = 66AF207A29D5D75C00F41811 /* ForecastStackView.swift */; };
		66AF207D29D5DEAA00F41811 /* ForecastScrollView.swift in Sources */ = {isa = PBXBuildFile; fileRef = 66AF207C29D5DEAA00F41811 /* ForecastScrollView.swift */; };
		66AF208029D6D44400F41811 /* UIImageView+String.swift in Sources */ = {isa = PBXBuildFile; fileRef = 66AF207F29D6D44400F41811 /* UIImageView+String.swift */; };
		66AF208B29D6E41000F41811 /* EndpointCaseTest.swift in Sources */ = {isa = PBXBuildFile; fileRef = 66AF208A29D6E41000F41811 /* EndpointCaseTest.swift */; };
		66AF209229D6EB3900F41811 /* RequestErrorTest.swift in Sources */ = {isa = PBXBuildFile; fileRef = 66AF209129D6EB3900F41811 /* RequestErrorTest.swift */; };
		66AF209429D6EC1000F41811 /* RequestError.swift in Sources */ = {isa = PBXBuildFile; fileRef = 66AF209329D6EC1000F41811 /* RequestError.swift */; };
		66AF209929D6EF9D00F41811 /* MockableResponse.swift in Sources */ = {isa = PBXBuildFile; fileRef = 66AF209829D6EF9D00F41811 /* MockableResponse.swift */; };
		66AF209E29D6F0E000F41811 /* ListOfJSONFileNames.swift in Sources */ = {isa = PBXBuildFile; fileRef = 66AF209D29D6F0E000F41811 /* ListOfJSONFileNames.swift */; };
		66AF20A029D6F0F100F41811 /* WeatherForecast.json in Resources */ = {isa = PBXBuildFile; fileRef = 66AF209F29D6F0F100F41811 /* WeatherForecast.json */; };
		66AF20A229D6F73C00F41811 /* HTTPMethod.swift in Sources */ = {isa = PBXBuildFile; fileRef = 66AF20A129D6F73C00F41811 /* HTTPMethod.swift */; };
		66AF20A429D6F78500F41811 /* HTTPMethodTest.swift in Sources */ = {isa = PBXBuildFile; fileRef = 66AF20A329D6F78500F41811 /* HTTPMethodTest.swift */; };
		66B5938A29D851CE00A80FDA /* MockAPIClient.swift in Sources */ = {isa = PBXBuildFile; fileRef = 66B5938929D851CE00A80FDA /* MockAPIClient.swift */; };
		66B5939129D8671500A80FDA /* MockRequestExecutorTests.swift in Sources */ = {isa = PBXBuildFile; fileRef = 66B5939029D8671500A80FDA /* MockRequestExecutorTests.swift */; };
		66B5939A29D9DD2500A80FDA /* MockURLProtocol.swift in Sources */ = {isa = PBXBuildFile; fileRef = 66B5939929D9DD2500A80FDA /* MockURLProtocol.swift */; };
		66F23F8229DC122800419F59 /* WeatherViewModel.swift in Sources */ = {isa = PBXBuildFile; fileRef = 66F23F8129DC122800419F59 /* WeatherViewModel.swift */; };
/* End PBXBuildFile section */

/* Begin PBXContainerItemProxy section */
		66AF208C29D6E41000F41811 /* PBXContainerItemProxy */ = {
			isa = PBXContainerItemProxy;
			containerPortal = 66A5F08429D458E0008F9562 /* Project object */;
			proxyType = 1;
			remoteGlobalIDString = 66A5F08B29D458E0008F9562;
			remoteInfo = iOSCodingTask;
		};
/* End PBXContainerItemProxy section */

/* Begin PBXFileReference section */
		6693F21929DC71340042E564 /* BaseViewController.swift */ = {isa = PBXFileReference; lastKnownFileType = sourcecode.swift; path = BaseViewController.swift; sourceTree = "<group>"; };
		66A5F08C29D458E0008F9562 /* iOSCodingTask.app */ = {isa = PBXFileReference; explicitFileType = wrapper.application; includeInIndex = 0; path = iOSCodingTask.app; sourceTree = BUILT_PRODUCTS_DIR; };
		66A5F08F29D458E0008F9562 /* AppDelegate.swift */ = {isa = PBXFileReference; lastKnownFileType = sourcecode.swift; path = AppDelegate.swift; sourceTree = "<group>"; };
		66A5F09929D458E0008F9562 /* iOSCodingTask.xcdatamodel */ = {isa = PBXFileReference; lastKnownFileType = wrapper.xcdatamodel; path = iOSCodingTask.xcdatamodel; sourceTree = "<group>"; };
		66A5F09B29D458E1008F9562 /* Assets.xcassets */ = {isa = PBXFileReference; lastKnownFileType = folder.assetcatalog; path = Assets.xcassets; sourceTree = "<group>"; };
		66A5F0A029D458E1008F9562 /* Info.plist */ = {isa = PBXFileReference; lastKnownFileType = text.plist.xml; path = Info.plist; sourceTree = "<group>"; };
		66A5F0A629D46212008F9562 /* LocationModel.swift */ = {isa = PBXFileReference; lastKnownFileType = sourcecode.swift; path = LocationModel.swift; sourceTree = "<group>"; };
		66A5F0AA29D4630B008F9562 /* ConditionModel.swift */ = {isa = PBXFileReference; lastKnownFileType = sourcecode.swift; path = ConditionModel.swift; sourceTree = "<group>"; };
		66A5F0AC29D46FA7008F9562 /* WeatherDTOModel.swift */ = {isa = PBXFileReference; lastKnownFileType = sourcecode.swift; path = WeatherDTOModel.swift; sourceTree = "<group>"; };
		66A5F0AE29D470C7008F9562 /* ForecastForThreeDaysModel.swift */ = {isa = PBXFileReference; lastKnownFileType = sourcecode.swift; path = ForecastForThreeDaysModel.swift; sourceTree = "<group>"; };
		66A5F0B029D470E8008F9562 /* ForecastDayModel.swift */ = {isa = PBXFileReference; lastKnownFileType = sourcecode.swift; path = ForecastDayModel.swift; sourceTree = "<group>"; };
		66A5F0B229D47129008F9562 /* CurrentModel.swift */ = {isa = PBXFileReference; lastKnownFileType = sourcecode.swift; path = CurrentModel.swift; sourceTree = "<group>"; };
		66A5F0B429D473D6008F9562 /* SingleDayModel.swift */ = {isa = PBXFileReference; lastKnownFileType = sourcecode.swift; path = SingleDayModel.swift; sourceTree = "<group>"; };
		66A5F0B629D475DC008F9562 /* EndpointCase.swift */ = {isa = PBXFileReference; lastKnownFileType = sourcecode.swift; path = EndpointCase.swift; sourceTree = "<group>"; };
		66A5F0CA29D48903008F9562 /* APIClient.swift */ = {isa = PBXFileReference; lastKnownFileType = sourcecode.swift; path = APIClient.swift; sourceTree = "<group>"; };
		66AE35B929DC51F200D22CC9 /* Coordinator.swift */ = {isa = PBXFileReference; lastKnownFileType = sourcecode.swift; path = Coordinator.swift; sourceTree = "<group>"; };
		66AE35BB29DC521D00D22CC9 /* MainCoordinator.swift */ = {isa = PBXFileReference; lastKnownFileType = sourcecode.swift; path = MainCoordinator.swift; sourceTree = "<group>"; };
		66AE35BD29DC539300D22CC9 /* SceneDelegate.swift */ = {isa = PBXFileReference; lastKnownFileType = sourcecode.swift; path = SceneDelegate.swift; sourceTree = "<group>"; };
		66AF207229D58F5E00F41811 /* ContentStackView.swift */ = {isa = PBXFileReference; lastKnownFileType = sourcecode.swift; path = ContentStackView.swift; sourceTree = "<group>"; };
		66AF207629D59AA500F41811 /* WeatherViewController.swift */ = {isa = PBXFileReference; lastKnownFileType = sourcecode.swift; path = WeatherViewController.swift; sourceTree = "<group>"; };
		66AF207829D5B2C300F41811 /* CityStackView.swift */ = {isa = PBXFileReference; lastKnownFileType = sourcecode.swift; path = CityStackView.swift; sourceTree = "<group>"; };
		66AF207A29D5D75C00F41811 /* ForecastStackView.swift */ = {isa = PBXFileReference; lastKnownFileType = sourcecode.swift; path = ForecastStackView.swift; sourceTree = "<group>"; };
		66AF207C29D5DEAA00F41811 /* ForecastScrollView.swift */ = {isa = PBXFileReference; lastKnownFileType = sourcecode.swift; path = ForecastScrollView.swift; sourceTree = "<group>"; };
		66AF207F29D6D44400F41811 /* UIImageView+String.swift */ = {isa = PBXFileReference; lastKnownFileType = sourcecode.swift; path = "UIImageView+String.swift"; sourceTree = "<group>"; };
		66AF208829D6E41000F41811 /* iOSCodingTaskTests.xctest */ = {isa = PBXFileReference; explicitFileType = wrapper.cfbundle; includeInIndex = 0; path = iOSCodingTaskTests.xctest; sourceTree = BUILT_PRODUCTS_DIR; };
		66AF208A29D6E41000F41811 /* EndpointCaseTest.swift */ = {isa = PBXFileReference; lastKnownFileType = sourcecode.swift; path = EndpointCaseTest.swift; sourceTree = "<group>"; };
		66AF209129D6EB3900F41811 /* RequestErrorTest.swift */ = {isa = PBXFileReference; lastKnownFileType = sourcecode.swift; path = RequestErrorTest.swift; sourceTree = "<group>"; };
		66AF209329D6EC1000F41811 /* RequestError.swift */ = {isa = PBXFileReference; lastKnownFileType = sourcecode.swift; path = RequestError.swift; sourceTree = "<group>"; };
		66AF209829D6EF9D00F41811 /* MockableResponse.swift */ = {isa = PBXFileReference; lastKnownFileType = sourcecode.swift; path = MockableResponse.swift; sourceTree = "<group>"; };
		66AF209D29D6F0E000F41811 /* ListOfJSONFileNames.swift */ = {isa = PBXFileReference; lastKnownFileType = sourcecode.swift; path = ListOfJSONFileNames.swift; sourceTree = "<group>"; };
		66AF209F29D6F0F100F41811 /* WeatherForecast.json */ = {isa = PBXFileReference; fileEncoding = 4; lastKnownFileType = text.json; path = WeatherForecast.json; sourceTree = "<group>"; };
		66AF20A129D6F73C00F41811 /* HTTPMethod.swift */ = {isa = PBXFileReference; lastKnownFileType = sourcecode.swift; path = HTTPMethod.swift; sourceTree = "<group>"; };
		66AF20A329D6F78500F41811 /* HTTPMethodTest.swift */ = {isa = PBXFileReference; lastKnownFileType = sourcecode.swift; path = HTTPMethodTest.swift; sourceTree = "<group>"; };
		66B5938929D851CE00A80FDA /* MockAPIClient.swift */ = {isa = PBXFileReference; lastKnownFileType = sourcecode.swift; path = MockAPIClient.swift; sourceTree = "<group>"; };
		66B5939029D8671500A80FDA /* MockRequestExecutorTests.swift */ = {isa = PBXFileReference; lastKnownFileType = sourcecode.swift; path = MockRequestExecutorTests.swift; sourceTree = "<group>"; };
		66B5939929D9DD2500A80FDA /* MockURLProtocol.swift */ = {isa = PBXFileReference; lastKnownFileType = sourcecode.swift; path = MockURLProtocol.swift; sourceTree = "<group>"; };
		66F23F8129DC122800419F59 /* WeatherViewModel.swift */ = {isa = PBXFileReference; lastKnownFileType = sourcecode.swift; path = WeatherViewModel.swift; sourceTree = "<group>"; };
/* End PBXFileReference section */

/* Begin PBXFrameworksBuildPhase section */
		66A5F08929D458E0008F9562 /* Frameworks */ = {
			isa = PBXFrameworksBuildPhase;
			buildActionMask = 2147483647;
			files = (
			);
			runOnlyForDeploymentPostprocessing = 0;
		};
		66AF208529D6E41000F41811 /* Frameworks */ = {
			isa = PBXFrameworksBuildPhase;
			buildActionMask = 2147483647;
			files = (
			);
			runOnlyForDeploymentPostprocessing = 0;
		};
/* End PBXFrameworksBuildPhase section */

/* Begin PBXGroup section */
		66A5F08329D458E0008F9562 = {
			isa = PBXGroup;
			children = (
				66A5F08E29D458E0008F9562 /* iOSCodingTask */,
				66AF208929D6E41000F41811 /* iOSCodingTaskTests */,
				66A5F08D29D458E0008F9562 /* Products */,
			);
			sourceTree = "<group>";
		};
		66A5F08D29D458E0008F9562 /* Products */ = {
			isa = PBXGroup;
			children = (
				66A5F08C29D458E0008F9562 /* iOSCodingTask.app */,
				66AF208829D6E41000F41811 /* iOSCodingTaskTests.xctest */,
			);
			name = Products;
			sourceTree = "<group>";
		};
		66A5F08E29D458E0008F9562 /* iOSCodingTask */ = {
			isa = PBXGroup;
			children = (
				66AE35B829DC51E700D22CC9 /* Protocols */,
				66A5F0C129D485AB008F9562 /* WeatherModule */,
				66A5F0A829D462D5008F9562 /* Networking */,
				66AF207E29D6D42C00F41811 /* Extension */,
				66A5F08F29D458E0008F9562 /* AppDelegate.swift */,
				66AE35BD29DC539300D22CC9 /* SceneDelegate.swift */,
				66A5F09B29D458E1008F9562 /* Assets.xcassets */,
				66A5F0A029D458E1008F9562 /* Info.plist */,
				66A5F09829D458E0008F9562 /* iOSCodingTask.xcdatamodeld */,
			);
			path = iOSCodingTask;
			sourceTree = "<group>";
		};
		66A5F0A829D462D5008F9562 /* Networking */ = {
			isa = PBXGroup;
			children = (
				66A5F0CA29D48903008F9562 /* APIClient.swift */,
				66AF209329D6EC1000F41811 /* RequestError.swift */,
				66A5F0BA29D47624008F9562 /* Endpoint */,
			);
			path = Networking;
			sourceTree = "<group>";
		};
		66A5F0A929D462E4008F9562 /* Models */ = {
			isa = PBXGroup;
			children = (
				66A5F0AC29D46FA7008F9562 /* WeatherDTOModel.swift */,
				66A5F0A629D46212008F9562 /* LocationModel.swift */,
				66A5F0B229D47129008F9562 /* CurrentModel.swift */,
				66A5F0AA29D4630B008F9562 /* ConditionModel.swift */,
				66A5F0AE29D470C7008F9562 /* ForecastForThreeDaysModel.swift */,
				66A5F0B029D470E8008F9562 /* ForecastDayModel.swift */,
				66A5F0B429D473D6008F9562 /* SingleDayModel.swift */,
			);
			path = Models;
			sourceTree = "<group>";
		};
		66A5F0BA29D47624008F9562 /* Endpoint */ = {
			isa = PBXGroup;
			children = (
				66A5F0B629D475DC008F9562 /* EndpointCase.swift */,
				66AF20A129D6F73C00F41811 /* HTTPMethod.swift */,
			);
			path = Endpoint;
			sourceTree = "<group>";
		};
		66A5F0C129D485AB008F9562 /* WeatherModule */ = {
			isa = PBXGroup;
			children = (
				66A5F0C329D48622008F9562 /* ViewController */,
				66A5F0C229D48619008F9562 /* ViewModel */,
				66A5F0A929D462E4008F9562 /* Models */,
			);
			path = WeatherModule;
			sourceTree = "<group>";
		};
		66A5F0C229D48619008F9562 /* ViewModel */ = {
			isa = PBXGroup;
			children = (
				66F23F8129DC122800419F59 /* WeatherViewModel.swift */,
			);
			path = ViewModel;
			sourceTree = "<group>";
		};
		66A5F0C329D48622008F9562 /* ViewController */ = {
			isa = PBXGroup;
			children = (
				66AF207629D59AA500F41811 /* WeatherViewController.swift */,
				66AF207229D58F5E00F41811 /* ContentStackView.swift */,
				6693F21929DC71340042E564 /* BaseViewController.swift */,
				66AF207829D5B2C300F41811 /* CityStackView.swift */,
				66AF207C29D5DEAA00F41811 /* ForecastScrollView.swift */,
				66AF207A29D5D75C00F41811 /* ForecastStackView.swift */,
			);
			path = ViewController;
			sourceTree = "<group>";
		};
		66AE35B829DC51E700D22CC9 /* Protocols */ = {
			isa = PBXGroup;
			children = (
				66AE35B929DC51F200D22CC9 /* Coordinator.swift */,
				66AE35BB29DC521D00D22CC9 /* MainCoordinator.swift */,
			);
			path = Protocols;
			sourceTree = "<group>";
		};
		66AF207E29D6D42C00F41811 /* Extension */ = {
			isa = PBXGroup;
			children = (
				66AF207F29D6D44400F41811 /* UIImageView+String.swift */,
			);
			path = Extension;
			sourceTree = "<group>";
		};
		66AF208929D6E41000F41811 /* iOSCodingTaskTests */ = {
			isa = PBXGroup;
			children = (
				66B5938F29D866FC00A80FDA /* APIRequestTests */,
				66AF209129D6EB3900F41811 /* RequestErrorTest.swift */,
				66AF208A29D6E41000F41811 /* EndpointCaseTest.swift */,
				66AF20A329D6F78500F41811 /* HTTPMethodTest.swift */,
			);
			path = iOSCodingTaskTests;
			sourceTree = "<group>";
		};
		66AF209C29D6F0CC00F41811 /* JSONFile */ = {
			isa = PBXGroup;
			children = (
				66AF209D29D6F0E000F41811 /* ListOfJSONFileNames.swift */,
				66AF209F29D6F0F100F41811 /* WeatherForecast.json */,
			);
			path = JSONFile;
			sourceTree = "<group>";
		};
		66B5938F29D866FC00A80FDA /* APIRequestTests */ = {
			isa = PBXGroup;
			children = (
				66B5938929D851CE00A80FDA /* MockAPIClient.swift */,
				66B5939029D8671500A80FDA /* MockRequestExecutorTests.swift */,
				66B5939929D9DD2500A80FDA /* MockURLProtocol.swift */,
				66AF209829D6EF9D00F41811 /* MockableResponse.swift */,
				66AF209C29D6F0CC00F41811 /* JSONFile */,
			);
			path = APIRequestTests;
			sourceTree = "<group>";
		};
/* End PBXGroup section */

/* Begin PBXNativeTarget section */
		66A5F08B29D458E0008F9562 /* iOSCodingTask */ = {
			isa = PBXNativeTarget;
			buildConfigurationList = 66A5F0A329D458E1008F9562 /* Build configuration list for PBXNativeTarget "iOSCodingTask" */;
			buildPhases = (
				66A5F08829D458E0008F9562 /* Sources */,
				66A5F08929D458E0008F9562 /* Frameworks */,
				66A5F08A29D458E0008F9562 /* Resources */,
			);
			buildRules = (
			);
			dependencies = (
			);
			name = iOSCodingTask;
			productName = iOSCodingTask;
			productReference = 66A5F08C29D458E0008F9562 /* iOSCodingTask.app */;
			productType = "com.apple.product-type.application";
		};
		66AF208729D6E41000F41811 /* iOSCodingTaskTests */ = {
			isa = PBXNativeTarget;
			buildConfigurationList = 66AF208E29D6E41000F41811 /* Build configuration list for PBXNativeTarget "iOSCodingTaskTests" */;
			buildPhases = (
				66AF208429D6E41000F41811 /* Sources */,
				66AF208529D6E41000F41811 /* Frameworks */,
				66AF208629D6E41000F41811 /* Resources */,
			);
			buildRules = (
			);
			dependencies = (
				66AF208D29D6E41000F41811 /* PBXTargetDependency */,
			);
			name = iOSCodingTaskTests;
			productName = iOSCodingTaskTests;
			productReference = 66AF208829D6E41000F41811 /* iOSCodingTaskTests.xctest */;
			productType = "com.apple.product-type.bundle.unit-test";
		};
/* End PBXNativeTarget section */

/* Begin PBXProject section */
		66A5F08429D458E0008F9562 /* Project object */ = {
			isa = PBXProject;
			attributes = {
				BuildIndependentTargetsInParallel = 1;
				LastSwiftUpdateCheck = 1420;
				LastUpgradeCheck = 1420;
				TargetAttributes = {
					66A5F08B29D458E0008F9562 = {
						CreatedOnToolsVersion = 14.2;
					};
					66AF208729D6E41000F41811 = {
						CreatedOnToolsVersion = 14.2;
						TestTargetID = 66A5F08B29D458E0008F9562;
					};
				};
			};
			buildConfigurationList = 66A5F08729D458E0008F9562 /* Build configuration list for PBXProject "iOSCodingTask" */;
			compatibilityVersion = "Xcode 14.0";
			developmentRegion = en;
			hasScannedForEncodings = 0;
			knownRegions = (
				en,
				Base,
			);
			mainGroup = 66A5F08329D458E0008F9562;
			productRefGroup = 66A5F08D29D458E0008F9562 /* Products */;
			projectDirPath = "";
			projectRoot = "";
			targets = (
				66A5F08B29D458E0008F9562 /* iOSCodingTask */,
				66AF208729D6E41000F41811 /* iOSCodingTaskTests */,
			);
		};
/* End PBXProject section */

/* Begin PBXResourcesBuildPhase section */
		66A5F08A29D458E0008F9562 /* Resources */ = {
			isa = PBXResourcesBuildPhase;
			buildActionMask = 2147483647;
			files = (
				66A5F09C29D458E1008F9562 /* Assets.xcassets in Resources */,
			);
			runOnlyForDeploymentPostprocessing = 0;
		};
		66AF208629D6E41000F41811 /* Resources */ = {
			isa = PBXResourcesBuildPhase;
			buildActionMask = 2147483647;
			files = (
				66AF20A029D6F0F100F41811 /* WeatherForecast.json in Resources */,
			);
			runOnlyForDeploymentPostprocessing = 0;
		};
/* End PBXResourcesBuildPhase section */

/* Begin PBXSourcesBuildPhase section */
		66A5F08829D458E0008F9562 /* Sources */ = {
			isa = PBXSourcesBuildPhase;
			buildActionMask = 2147483647;
			files = (
				66AF208029D6D44400F41811 /* UIImageView+String.swift in Sources */,
				66A5F0A729D46212008F9562 /* LocationModel.swift in Sources */,
				66A5F0B529D473D6008F9562 /* SingleDayModel.swift in Sources */,
				66AF207D29D5DEAA00F41811 /* ForecastScrollView.swift in Sources */,
				66A5F09A29D458E0008F9562 /* iOSCodingTask.xcdatamodeld in Sources */,
				66F23F8229DC122800419F59 /* WeatherViewModel.swift in Sources */,
				66AE35BE29DC539300D22CC9 /* SceneDelegate.swift in Sources */,
				66A5F0AF29D470C7008F9562 /* ForecastForThreeDaysModel.swift in Sources */,
				66A5F0B129D470E8008F9562 /* ForecastDayModel.swift in Sources */,
				66A5F0CB29D48903008F9562 /* APIClient.swift in Sources */,
				66A5F0AB29D4630B008F9562 /* ConditionModel.swift in Sources */,
				66A5F0AD29D46FA7008F9562 /* WeatherDTOModel.swift in Sources */,
				66A5F09029D458E0008F9562 /* AppDelegate.swift in Sources */,
				66AF207929D5B2C300F41811 /* CityStackView.swift in Sources */,
				66AF207B29D5D75C00F41811 /* ForecastStackView.swift in Sources */,
				66AF207729D59AA500F41811 /* WeatherViewController.swift in Sources */,
				66AF209429D6EC1000F41811 /* RequestError.swift in Sources */,
				66AF20A229D6F73C00F41811 /* HTTPMethod.swift in Sources */,
				66A5F0B729D475DC008F9562 /* EndpointCase.swift in Sources */,
				6693F21A29DC71340042E564 /* BaseViewController.swift in Sources */,
				66A5F0B329D47129008F9562 /* CurrentModel.swift in Sources */,
				66AF207329D58F5E00F41811 /* ContentStackView.swift in Sources */,
				66AE35BA29DC51F200D22CC9 /* Coordinator.swift in Sources */,
				66AE35BC29DC521D00D22CC9 /* MainCoordinator.swift in Sources */,
			);
			runOnlyForDeploymentPostprocessing = 0;
		};
		66AF208429D6E41000F41811 /* Sources */ = {
			isa = PBXSourcesBuildPhase;
			buildActionMask = 2147483647;
			files = (
				66AF209229D6EB3900F41811 /* RequestErrorTest.swift in Sources */,
				66B5939129D8671500A80FDA /* MockRequestExecutorTests.swift in Sources */,
				66AF209E29D6F0E000F41811 /* ListOfJSONFileNames.swift in Sources */,
				66AF20A429D6F78500F41811 /* HTTPMethodTest.swift in Sources */,
				66B5938A29D851CE00A80FDA /* MockAPIClient.swift in Sources */,
				66AF209929D6EF9D00F41811 /* MockableResponse.swift in Sources */,
				66AF208B29D6E41000F41811 /* EndpointCaseTest.swift in Sources */,
				66B5939A29D9DD2500A80FDA /* MockURLProtocol.swift in Sources */,
			);
			runOnlyForDeploymentPostprocessing = 0;
		};
/* End PBXSourcesBuildPhase section */

/* Begin PBXTargetDependency section */
		66AF208D29D6E41000F41811 /* PBXTargetDependency */ = {
			isa = PBXTargetDependency;
			target = 66A5F08B29D458E0008F9562 /* iOSCodingTask */;
			targetProxy = 66AF208C29D6E41000F41811 /* PBXContainerItemProxy */;
		};
/* End PBXTargetDependency section */

/* Begin XCBuildConfiguration section */
		66A5F0A129D458E1008F9562 /* Debug */ = {
			isa = XCBuildConfiguration;
			buildSettings = {
				ALWAYS_SEARCH_USER_PATHS = NO;
				CLANG_ANALYZER_NONNULL = YES;
				CLANG_ANALYZER_NUMBER_OBJECT_CONVERSION = YES_AGGRESSIVE;
				CLANG_CXX_LANGUAGE_STANDARD = "gnu++20";
				CLANG_ENABLE_MODULES = YES;
				CLANG_ENABLE_OBJC_ARC = YES;
				CLANG_ENABLE_OBJC_WEAK = YES;
				CLANG_WARN_BLOCK_CAPTURE_AUTORELEASING = YES;
				CLANG_WARN_BOOL_CONVERSION = YES;
				CLANG_WARN_COMMA = YES;
				CLANG_WARN_CONSTANT_CONVERSION = YES;
				CLANG_WARN_DEPRECATED_OBJC_IMPLEMENTATIONS = YES;
				CLANG_WARN_DIRECT_OBJC_ISA_USAGE = YES_ERROR;
				CLANG_WARN_DOCUMENTATION_COMMENTS = YES;
				CLANG_WARN_EMPTY_BODY = YES;
				CLANG_WARN_ENUM_CONVERSION = YES;
				CLANG_WARN_INFINITE_RECURSION = YES;
				CLANG_WARN_INT_CONVERSION = YES;
				CLANG_WARN_NON_LITERAL_NULL_CONVERSION = YES;
				CLANG_WARN_OBJC_IMPLICIT_RETAIN_SELF = YES;
				CLANG_WARN_OBJC_LITERAL_CONVERSION = YES;
				CLANG_WARN_OBJC_ROOT_CLASS = YES_ERROR;
				CLANG_WARN_QUOTED_INCLUDE_IN_FRAMEWORK_HEADER = YES;
				CLANG_WARN_RANGE_LOOP_ANALYSIS = YES;
				CLANG_WARN_STRICT_PROTOTYPES = YES;
				CLANG_WARN_SUSPICIOUS_MOVE = YES;
				CLANG_WARN_UNGUARDED_AVAILABILITY = YES_AGGRESSIVE;
				CLANG_WARN_UNREACHABLE_CODE = YES;
				CLANG_WARN__DUPLICATE_METHOD_MATCH = YES;
				COPY_PHASE_STRIP = NO;
				DEBUG_INFORMATION_FORMAT = dwarf;
				ENABLE_STRICT_OBJC_MSGSEND = YES;
				ENABLE_TESTABILITY = YES;
				GCC_C_LANGUAGE_STANDARD = gnu11;
				GCC_DYNAMIC_NO_PIC = NO;
				GCC_NO_COMMON_BLOCKS = YES;
				GCC_OPTIMIZATION_LEVEL = 0;
				GCC_PREPROCESSOR_DEFINITIONS = (
					"DEBUG=1",
					"$(inherited)",
				);
				GCC_WARN_64_TO_32_BIT_CONVERSION = YES;
				GCC_WARN_ABOUT_RETURN_TYPE = YES_ERROR;
				GCC_WARN_UNDECLARED_SELECTOR = YES;
				GCC_WARN_UNINITIALIZED_AUTOS = YES_AGGRESSIVE;
				GCC_WARN_UNUSED_FUNCTION = YES;
				GCC_WARN_UNUSED_VARIABLE = YES;
				IPHONEOS_DEPLOYMENT_TARGET = 13.1;
				MTL_ENABLE_DEBUG_INFO = INCLUDE_SOURCE;
				MTL_FAST_MATH = YES;
				ONLY_ACTIVE_ARCH = YES;
				SDKROOT = iphoneos;
				SWIFT_ACTIVE_COMPILATION_CONDITIONS = DEBUG;
				SWIFT_OPTIMIZATION_LEVEL = "-Onone";
			};
			name = Debug;
		};
		66A5F0A229D458E1008F9562 /* Release */ = {
			isa = XCBuildConfiguration;
			buildSettings = {
				ALWAYS_SEARCH_USER_PATHS = NO;
				CLANG_ANALYZER_NONNULL = YES;
				CLANG_ANALYZER_NUMBER_OBJECT_CONVERSION = YES_AGGRESSIVE;
				CLANG_CXX_LANGUAGE_STANDARD = "gnu++20";
				CLANG_ENABLE_MODULES = YES;
				CLANG_ENABLE_OBJC_ARC = YES;
				CLANG_ENABLE_OBJC_WEAK = YES;
				CLANG_WARN_BLOCK_CAPTURE_AUTORELEASING = YES;
				CLANG_WARN_BOOL_CONVERSION = YES;
				CLANG_WARN_COMMA = YES;
				CLANG_WARN_CONSTANT_CONVERSION = YES;
				CLANG_WARN_DEPRECATED_OBJC_IMPLEMENTATIONS = YES;
				CLANG_WARN_DIRECT_OBJC_ISA_USAGE = YES_ERROR;
				CLANG_WARN_DOCUMENTATION_COMMENTS = YES;
				CLANG_WARN_EMPTY_BODY = YES;
				CLANG_WARN_ENUM_CONVERSION = YES;
				CLANG_WARN_INFINITE_RECURSION = YES;
				CLANG_WARN_INT_CONVERSION = YES;
				CLANG_WARN_NON_LITERAL_NULL_CONVERSION = YES;
				CLANG_WARN_OBJC_IMPLICIT_RETAIN_SELF = YES;
				CLANG_WARN_OBJC_LITERAL_CONVERSION = YES;
				CLANG_WARN_OBJC_ROOT_CLASS = YES_ERROR;
				CLANG_WARN_QUOTED_INCLUDE_IN_FRAMEWORK_HEADER = YES;
				CLANG_WARN_RANGE_LOOP_ANALYSIS = YES;
				CLANG_WARN_STRICT_PROTOTYPES = YES;
				CLANG_WARN_SUSPICIOUS_MOVE = YES;
				CLANG_WARN_UNGUARDED_AVAILABILITY = YES_AGGRESSIVE;
				CLANG_WARN_UNREACHABLE_CODE = YES;
				CLANG_WARN__DUPLICATE_METHOD_MATCH = YES;
				COPY_PHASE_STRIP = NO;
				DEBUG_INFORMATION_FORMAT = "dwarf-with-dsym";
				ENABLE_NS_ASSERTIONS = NO;
				ENABLE_STRICT_OBJC_MSGSEND = YES;
				GCC_C_LANGUAGE_STANDARD = gnu11;
				GCC_NO_COMMON_BLOCKS = YES;
				GCC_WARN_64_TO_32_BIT_CONVERSION = YES;
				GCC_WARN_ABOUT_RETURN_TYPE = YES_ERROR;
				GCC_WARN_UNDECLARED_SELECTOR = YES;
				GCC_WARN_UNINITIALIZED_AUTOS = YES_AGGRESSIVE;
				GCC_WARN_UNUSED_FUNCTION = YES;
				GCC_WARN_UNUSED_VARIABLE = YES;
				IPHONEOS_DEPLOYMENT_TARGET = 13.1;
				MTL_ENABLE_DEBUG_INFO = NO;
				MTL_FAST_MATH = YES;
				SDKROOT = iphoneos;
				SWIFT_COMPILATION_MODE = wholemodule;
				SWIFT_OPTIMIZATION_LEVEL = "-O";
				VALIDATE_PRODUCT = YES;
			};
			name = Release;
		};
		66A5F0A429D458E1008F9562 /* Debug */ = {
			isa = XCBuildConfiguration;
			buildSettings = {
				ASSETCATALOG_COMPILER_APPICON_NAME = AppIcon;
				ASSETCATALOG_COMPILER_GLOBAL_ACCENT_COLOR_NAME = AccentColor;
				CODE_SIGN_STYLE = Automatic;
				CURRENT_PROJECT_VERSION = 1;
				DEVELOPMENT_TEAM = X3876YD6VQ;
				GENERATE_INFOPLIST_FILE = YES;
				INFOPLIST_FILE = iOSCodingTask/Info.plist;
				INFOPLIST_KEY_LSApplicationCategoryType = "";
				INFOPLIST_KEY_UIApplicationSupportsIndirectInputEvents = YES;
				INFOPLIST_KEY_UILaunchStoryboardName = LaunchScreen;
				INFOPLIST_KEY_UISupportedInterfaceOrientations_iPad = "UIInterfaceOrientationPortrait UIInterfaceOrientationPortraitUpsideDown UIInterfaceOrientationLandscapeLeft UIInterfaceOrientationLandscapeRight";
				INFOPLIST_KEY_UISupportedInterfaceOrientations_iPhone = "UIInterfaceOrientationPortrait UIInterfaceOrientationLandscapeLeft UIInterfaceOrientationLandscapeRight";
				LD_RUNPATH_SEARCH_PATHS = (
					"$(inherited)",
					"@executable_path/Frameworks",
				);
				MARKETING_VERSION = 1.0;
				PRODUCT_BUNDLE_IDENTIFIER = Lyubchev.iOSCodingTask;
				PRODUCT_NAME = "$(TARGET_NAME)";
				SWIFT_EMIT_LOC_STRINGS = YES;
				SWIFT_VERSION = 5.0;
				TARGETED_DEVICE_FAMILY = "1,2";
			};
			name = Debug;
		};
		66A5F0A529D458E1008F9562 /* Release */ = {
			isa = XCBuildConfiguration;
			buildSettings = {
				ASSETCATALOG_COMPILER_APPICON_NAME = AppIcon;
				ASSETCATALOG_COMPILER_GLOBAL_ACCENT_COLOR_NAME = AccentColor;
				CODE_SIGN_STYLE = Automatic;
				CURRENT_PROJECT_VERSION = 1;
				DEVELOPMENT_TEAM = X3876YD6VQ;
				GENERATE_INFOPLIST_FILE = YES;
				INFOPLIST_FILE = iOSCodingTask/Info.plist;
				INFOPLIST_KEY_LSApplicationCategoryType = "";
				INFOPLIST_KEY_UIApplicationSupportsIndirectInputEvents = YES;
				INFOPLIST_KEY_UILaunchStoryboardName = LaunchScreen;
				INFOPLIST_KEY_UISupportedInterfaceOrientations_iPad = "UIInterfaceOrientationPortrait UIInterfaceOrientationPortraitUpsideDown UIInterfaceOrientationLandscapeLeft UIInterfaceOrientationLandscapeRight";
				INFOPLIST_KEY_UISupportedInterfaceOrientations_iPhone = "UIInterfaceOrientationPortrait UIInterfaceOrientationLandscapeLeft UIInterfaceOrientationLandscapeRight";
				LD_RUNPATH_SEARCH_PATHS = (
					"$(inherited)",
					"@executable_path/Frameworks",
				);
				MARKETING_VERSION = 1.0;
				PRODUCT_BUNDLE_IDENTIFIER = Lyubchev.iOSCodingTask;
				PRODUCT_NAME = "$(TARGET_NAME)";
				SWIFT_EMIT_LOC_STRINGS = YES;
				SWIFT_VERSION = 5.0;
				TARGETED_DEVICE_FAMILY = "1,2";
			};
			name = Release;
		};
		66AF208F29D6E41000F41811 /* Debug */ = {
			isa = XCBuildConfiguration;
			buildSettings = {
				BUNDLE_LOADER = "$(TEST_HOST)";
				CODE_SIGN_STYLE = Automatic;
				CURRENT_PROJECT_VERSION = 1;
				DEVELOPMENT_TEAM = X3876YD6VQ;
				GENERATE_INFOPLIST_FILE = YES;
				IPHONEOS_DEPLOYMENT_TARGET = 16.2;
				MARKETING_VERSION = 1.0;
				PRODUCT_BUNDLE_IDENTIFIER = Lyubchev.iOSCodingTaskTests;
				PRODUCT_NAME = "$(TARGET_NAME)";
				SWIFT_EMIT_LOC_STRINGS = NO;
				SWIFT_VERSION = 5.0;
				TARGETED_DEVICE_FAMILY = "1,2";
				TEST_HOST = "$(BUILT_PRODUCTS_DIR)/iOSCodingTask.app/$(BUNDLE_EXECUTABLE_FOLDER_PATH)/iOSCodingTask";
			};
			name = Debug;
		};
		66AF209029D6E41000F41811 /* Release */ = {
			isa = XCBuildConfiguration;
			buildSettings = {
				BUNDLE_LOADER = "$(TEST_HOST)";
				CODE_SIGN_STYLE = Automatic;
				CURRENT_PROJECT_VERSION = 1;
				DEVELOPMENT_TEAM = X3876YD6VQ;
				GENERATE_INFOPLIST_FILE = YES;
				IPHONEOS_DEPLOYMENT_TARGET = 16.2;
				MARKETING_VERSION = 1.0;
				PRODUCT_BUNDLE_IDENTIFIER = Lyubchev.iOSCodingTaskTests;
				PRODUCT_NAME = "$(TARGET_NAME)";
				SWIFT_EMIT_LOC_STRINGS = NO;
				SWIFT_VERSION = 5.0;
				TARGETED_DEVICE_FAMILY = "1,2";
				TEST_HOST = "$(BUILT_PRODUCTS_DIR)/iOSCodingTask.app/$(BUNDLE_EXECUTABLE_FOLDER_PATH)/iOSCodingTask";
			};
			name = Release;
		};
/* End XCBuildConfiguration section */

/* Begin XCConfigurationList section */
		66A5F08729D458E0008F9562 /* Build configuration list for PBXProject "iOSCodingTask" */ = {
			isa = XCConfigurationList;
			buildConfigurations = (
				66A5F0A129D458E1008F9562 /* Debug */,
				66A5F0A229D458E1008F9562 /* Release */,
			);
			defaultConfigurationIsVisible = 0;
			defaultConfigurationName = Release;
		};
		66A5F0A329D458E1008F9562 /* Build configuration list for PBXNativeTarget "iOSCodingTask" */ = {
			isa = XCConfigurationList;
			buildConfigurations = (
				66A5F0A429D458E1008F9562 /* Debug */,
				66A5F0A529D458E1008F9562 /* Release */,
			);
			defaultConfigurationIsVisible = 0;
			defaultConfigurationName = Release;
		};
		66AF208E29D6E41000F41811 /* Build configuration list for PBXNativeTarget "iOSCodingTaskTests" */ = {
			isa = XCConfigurationList;
			buildConfigurations = (
				66AF208F29D6E41000F41811 /* Debug */,
				66AF209029D6E41000F41811 /* Release */,
			);
			defaultConfigurationIsVisible = 0;
			defaultConfigurationName = Release;
		};
/* End XCConfigurationList section */

/* Begin XCVersionGroup section */
		66A5F09829D458E0008F9562 /* iOSCodingTask.xcdatamodeld */ = {
			isa = XCVersionGroup;
			children = (
				66A5F09929D458E0008F9562 /* iOSCodingTask.xcdatamodel */,
			);
			currentVersion = 66A5F09929D458E0008F9562 /* iOSCodingTask.xcdatamodel */;
			path = iOSCodingTask.xcdatamodeld;
			sourceTree = "<group>";
			versionGroupType = wrapper.xcdatamodel;
		};
/* End XCVersionGroup section */
	};
	rootObject = 66A5F08429D458E0008F9562 /* Project object */;
}
