// !$*UTF8*$!
{
	archiveVersion = 1;
	classes = {
	};
	objectVersion = 56;
	objects = {

/* Begin PBXBuildFile section */
		66A5F09029D458E0008F9562 /* AppDelegate.swift in Sources */ = {isa = PBXBuildFile; fileRef = 66A5F08F29D458E0008F9562 /* AppDelegate.swift */; };
		66A5F09229D458E0008F9562 /* SceneDelegate.swift in Sources */ = {isa = PBXBuildFile; fileRef = 66A5F09129D458E0008F9562 /* SceneDelegate.swift */; };
		66A5F09429D458E0008F9562 /* WeatherViewController.swift in Sources */ = {isa = PBXBuildFile; fileRef = 66A5F09329D458E0008F9562 /* WeatherViewController.swift */; };
		66A5F09729D458E0008F9562 /* Main.storyboard in Resources */ = {isa = PBXBuildFile; fileRef = 66A5F09529D458E0008F9562 /* Main.storyboard */; };
		66A5F09A29D458E0008F9562 /* iOSCodingTask.xcdatamodeld in Sources */ = {isa = PBXBuildFile; fileRef = 66A5F09829D458E0008F9562 /* iOSCodingTask.xcdatamodeld */; };
		66A5F09C29D458E1008F9562 /* Assets.xcassets in Resources */ = {isa = PBXBuildFile; fileRef = 66A5F09B29D458E1008F9562 /* Assets.xcassets */; };
		66A5F09F29D458E1008F9562 /* LaunchScreen.storyboard in Resources */ = {isa = PBXBuildFile; fileRef = 66A5F09D29D458E1008F9562 /* LaunchScreen.storyboard */; };
		66A5F0A729D46212008F9562 /* LocationDTO.swift in Sources */ = {isa = PBXBuildFile; fileRef = 66A5F0A629D46212008F9562 /* LocationDTO.swift */; };
		66A5F0AB29D4630B008F9562 /* ConditionDTO.swift in Sources */ = {isa = PBXBuildFile; fileRef = 66A5F0AA29D4630B008F9562 /* ConditionDTO.swift */; };
		66A5F0AD29D46FA7008F9562 /* WeatherDTO.swift in Sources */ = {isa = PBXBuildFile; fileRef = 66A5F0AC29D46FA7008F9562 /* WeatherDTO.swift */; };
		66A5F0AF29D470C7008F9562 /* ForecastDTO.swift in Sources */ = {isa = PBXBuildFile; fileRef = 66A5F0AE29D470C7008F9562 /* ForecastDTO.swift */; };
		66A5F0B129D470E8008F9562 /* ForecastDayDTO.swift in Sources */ = {isa = PBXBuildFile; fileRef = 66A5F0B029D470E8008F9562 /* ForecastDayDTO.swift */; };
		66A5F0B329D47129008F9562 /* CurrentDTO.swift in Sources */ = {isa = PBXBuildFile; fileRef = 66A5F0B229D47129008F9562 /* CurrentDTO.swift */; };
		66A5F0B529D473D6008F9562 /* DayDTO.swift in Sources */ = {isa = PBXBuildFile; fileRef = 66A5F0B429D473D6008F9562 /* DayDTO.swift */; };
		66A5F0B729D475DC008F9562 /* EndpointCase.swift in Sources */ = {isa = PBXBuildFile; fileRef = 66A5F0B629D475DC008F9562 /* EndpointCase.swift */; };
		66A5F0C929D48735008F9562 /* CityModel.swift in Sources */ = {isa = PBXBuildFile; fileRef = 66A5F0C829D48735008F9562 /* CityModel.swift */; };
		66A5F0CB29D48903008F9562 /* APIClient.swift in Sources */ = {isa = PBXBuildFile; fileRef = 66A5F0CA29D48903008F9562 /* APIClient.swift */; };
		66A5F0CD29D48C23008F9562 /* ServiceLocator.swift in Sources */ = {isa = PBXBuildFile; fileRef = 66A5F0CC29D48C23008F9562 /* ServiceLocator.swift */; };
		66AF206929D4D32A00F41811 /* DayModel.swift in Sources */ = {isa = PBXBuildFile; fileRef = 66AF206829D4D32A00F41811 /* DayModel.swift */; };
		66AF206C29D548FA00F41811 /* ForecastModel.swift in Sources */ = {isa = PBXBuildFile; fileRef = 66AF206B29D548FA00F41811 /* ForecastModel.swift */; };
/* End PBXBuildFile section */

/* Begin PBXFileReference section */
		66A5F08C29D458E0008F9562 /* iOSCodingTask.app */ = {isa = PBXFileReference; explicitFileType = wrapper.application; includeInIndex = 0; path = iOSCodingTask.app; sourceTree = BUILT_PRODUCTS_DIR; };
		66A5F08F29D458E0008F9562 /* AppDelegate.swift */ = {isa = PBXFileReference; lastKnownFileType = sourcecode.swift; path = AppDelegate.swift; sourceTree = "<group>"; };
		66A5F09129D458E0008F9562 /* SceneDelegate.swift */ = {isa = PBXFileReference; lastKnownFileType = sourcecode.swift; path = SceneDelegate.swift; sourceTree = "<group>"; };
		66A5F09329D458E0008F9562 /* WeatherViewController.swift */ = {isa = PBXFileReference; lastKnownFileType = sourcecode.swift; path = WeatherViewController.swift; sourceTree = "<group>"; };
		66A5F09629D458E0008F9562 /* Base */ = {isa = PBXFileReference; lastKnownFileType = file.storyboard; name = Base; path = Base.lproj/Main.storyboard; sourceTree = "<group>"; };
		66A5F09929D458E0008F9562 /* iOSCodingTask.xcdatamodel */ = {isa = PBXFileReference; lastKnownFileType = wrapper.xcdatamodel; path = iOSCodingTask.xcdatamodel; sourceTree = "<group>"; };
		66A5F09B29D458E1008F9562 /* Assets.xcassets */ = {isa = PBXFileReference; lastKnownFileType = folder.assetcatalog; path = Assets.xcassets; sourceTree = "<group>"; };
		66A5F09E29D458E1008F9562 /* Base */ = {isa = PBXFileReference; lastKnownFileType = file.storyboard; name = Base; path = Base.lproj/LaunchScreen.storyboard; sourceTree = "<group>"; };
		66A5F0A029D458E1008F9562 /* Info.plist */ = {isa = PBXFileReference; lastKnownFileType = text.plist.xml; path = Info.plist; sourceTree = "<group>"; };
		66A5F0A629D46212008F9562 /* LocationDTO.swift */ = {isa = PBXFileReference; lastKnownFileType = sourcecode.swift; path = LocationDTO.swift; sourceTree = "<group>"; };
		66A5F0AA29D4630B008F9562 /* ConditionDTO.swift */ = {isa = PBXFileReference; lastKnownFileType = sourcecode.swift; path = ConditionDTO.swift; sourceTree = "<group>"; };
		66A5F0AC29D46FA7008F9562 /* WeatherDTO.swift */ = {isa = PBXFileReference; lastKnownFileType = sourcecode.swift; path = WeatherDTO.swift; sourceTree = "<group>"; };
		66A5F0AE29D470C7008F9562 /* ForecastDTO.swift */ = {isa = PBXFileReference; lastKnownFileType = sourcecode.swift; path = ForecastDTO.swift; sourceTree = "<group>"; };
		66A5F0B029D470E8008F9562 /* ForecastDayDTO.swift */ = {isa = PBXFileReference; lastKnownFileType = sourcecode.swift; path = ForecastDayDTO.swift; sourceTree = "<group>"; };
		66A5F0B229D47129008F9562 /* CurrentDTO.swift */ = {isa = PBXFileReference; lastKnownFileType = sourcecode.swift; path = CurrentDTO.swift; sourceTree = "<group>"; };
		66A5F0B429D473D6008F9562 /* DayDTO.swift */ = {isa = PBXFileReference; lastKnownFileType = sourcecode.swift; path = DayDTO.swift; sourceTree = "<group>"; };
		66A5F0B629D475DC008F9562 /* EndpointCase.swift */ = {isa = PBXFileReference; lastKnownFileType = sourcecode.swift; path = EndpointCase.swift; sourceTree = "<group>"; };
		66A5F0C829D48735008F9562 /* CityModel.swift */ = {isa = PBXFileReference; lastKnownFileType = sourcecode.swift; path = CityModel.swift; sourceTree = "<group>"; };
		66A5F0CA29D48903008F9562 /* APIClient.swift */ = {isa = PBXFileReference; lastKnownFileType = sourcecode.swift; path = APIClient.swift; sourceTree = "<group>"; };
		66A5F0CC29D48C23008F9562 /* ServiceLocator.swift */ = {isa = PBXFileReference; lastKnownFileType = sourcecode.swift; path = ServiceLocator.swift; sourceTree = "<group>"; };
		66AF206829D4D32A00F41811 /* DayModel.swift */ = {isa = PBXFileReference; lastKnownFileType = sourcecode.swift; path = DayModel.swift; sourceTree = "<group>"; };
		66AF206B29D548FA00F41811 /* ForecastModel.swift */ = {isa = PBXFileReference; lastKnownFileType = sourcecode.swift; path = ForecastModel.swift; sourceTree = "<group>"; };
/* End PBXFileReference section */

/* Begin PBXFrameworksBuildPhase section */
		66A5F08929D458E0008F9562 /* Frameworks */ = {
			isa = PBXFrameworksBuildPhase;
			buildActionMask = 2147483647;
			files = (
			);
			runOnlyForDeploymentPostprocessing = 0;
		};
/* End PBXFrameworksBuildPhase section */

/* Begin PBXGroup section */
		66A5F08329D458E0008F9562 = {
			isa = PBXGroup;
			children = (
				66A5F08E29D458E0008F9562 /* iOSCodingTask */,
				66A5F08D29D458E0008F9562 /* Products */,
			);
			sourceTree = "<group>";
		};
		66A5F08D29D458E0008F9562 /* Products */ = {
			isa = PBXGroup;
			children = (
				66A5F08C29D458E0008F9562 /* iOSCodingTask.app */,
			);
			name = Products;
			sourceTree = "<group>";
		};
		66A5F08E29D458E0008F9562 /* iOSCodingTask */ = {
			isa = PBXGroup;
			children = (
				66A5F0C129D485AB008F9562 /* WeatherModule */,
				66A5F0A829D462D5008F9562 /* Networking */,
				66AF206629D4D2F900F41811 /* ServiceLocator */,
				66A5F09129D458E0008F9562 /* SceneDelegate.swift */,
				66A5F08F29D458E0008F9562 /* AppDelegate.swift */,
				66A5F09529D458E0008F9562 /* Main.storyboard */,
				66A5F09B29D458E1008F9562 /* Assets.xcassets */,
				66A5F09D29D458E1008F9562 /* LaunchScreen.storyboard */,
				66A5F0A029D458E1008F9562 /* Info.plist */,
				66A5F09829D458E0008F9562 /* iOSCodingTask.xcdatamodeld */,
			);
			path = iOSCodingTask;
			sourceTree = "<group>";
		};
		66A5F0A829D462D5008F9562 /* Networking */ = {
			isa = PBXGroup;
			children = (
				66A5F0CA29D48903008F9562 /* APIClient.swift */,
				66A5F0BA29D47624008F9562 /* Endpoint */,
				66A5F0A929D462E4008F9562 /* DTOs */,
			);
			path = Networking;
			sourceTree = "<group>";
		};
		66A5F0A929D462E4008F9562 /* DTOs */ = {
			isa = PBXGroup;
			children = (
				66A5F0AC29D46FA7008F9562 /* WeatherDTO.swift */,
				66A5F0A629D46212008F9562 /* LocationDTO.swift */,
				66A5F0B229D47129008F9562 /* CurrentDTO.swift */,
				66A5F0AA29D4630B008F9562 /* ConditionDTO.swift */,
				66A5F0AE29D470C7008F9562 /* ForecastDTO.swift */,
				66A5F0B029D470E8008F9562 /* ForecastDayDTO.swift */,
				66A5F0B429D473D6008F9562 /* DayDTO.swift */,
			);
			path = DTOs;
			sourceTree = "<group>";
		};
		66A5F0BA29D47624008F9562 /* Endpoint */ = {
			isa = PBXGroup;
			children = (
				66A5F0B629D475DC008F9562 /* EndpointCase.swift */,
			);
			path = Endpoint;
			sourceTree = "<group>";
		};
		66A5F0C129D485AB008F9562 /* WeatherModule */ = {
			isa = PBXGroup;
			children = (
				66A5F0C329D48622008F9562 /* ViewController */,
				66A5F0C229D48619008F9562 /* Model */,
			);
			path = WeatherModule;
			sourceTree = "<group>";
		};
		66A5F0C229D48619008F9562 /* Model */ = {
			isa = PBXGroup;
			children = (
				66AF206729D4D30100F41811 /* SectionTwo */,
				66AF206529D4D28900F41811 /* SectionOne */,
			);
			path = Model;
			sourceTree = "<group>";
		};
		66A5F0C329D48622008F9562 /* ViewController */ = {
			isa = PBXGroup;
			children = (
				66A5F09329D458E0008F9562 /* WeatherViewController.swift */,
			);
			path = ViewController;
			sourceTree = "<group>";
		};
		66AF206529D4D28900F41811 /* SectionOne */ = {
			isa = PBXGroup;
			children = (
				66A5F0C829D48735008F9562 /* CityModel.swift */,
			);
			path = SectionOne;
			sourceTree = "<group>";
		};
		66AF206629D4D2F900F41811 /* ServiceLocator */ = {
			isa = PBXGroup;
			children = (
				66A5F0CC29D48C23008F9562 /* ServiceLocator.swift */,
			);
			path = ServiceLocator;
			sourceTree = "<group>";
		};
		66AF206729D4D30100F41811 /* SectionTwo */ = {
			isa = PBXGroup;
			children = (
				66AF206829D4D32A00F41811 /* DayModel.swift */,
				66AF206B29D548FA00F41811 /* ForecastModel.swift */,
			);
			path = SectionTwo;
			sourceTree = "<group>";
		};
/* End PBXGroup section */

/* Begin PBXNativeTarget section */
		66A5F08B29D458E0008F9562 /* iOSCodingTask */ = {
			isa = PBXNativeTarget;
			buildConfigurationList = 66A5F0A329D458E1008F9562 /* Build configuration list for PBXNativeTarget "iOSCodingTask" */;
			buildPhases = (
				66A5F08829D458E0008F9562 /* Sources */,
				66A5F08929D458E0008F9562 /* Frameworks */,
				66A5F08A29D458E0008F9562 /* Resources */,
			);
			buildRules = (
			);
			dependencies = (
			);
			name = iOSCodingTask;
			productName = iOSCodingTask;
			productReference = 66A5F08C29D458E0008F9562 /* iOSCodingTask.app */;
			productType = "com.apple.product-type.application";
		};
/* End PBXNativeTarget section */

/* Begin PBXProject section */
		66A5F08429D458E0008F9562 /* Project object */ = {
			isa = PBXProject;
			attributes = {
				BuildIndependentTargetsInParallel = 1;
				LastSwiftUpdateCheck = 1420;
				LastUpgradeCheck = 1420;
				TargetAttributes = {
					66A5F08B29D458E0008F9562 = {
						CreatedOnToolsVersion = 14.2;
					};
				};
			};
			buildConfigurationList = 66A5F08729D458E0008F9562 /* Build configuration list for PBXProject "iOSCodingTask" */;
			compatibilityVersion = "Xcode 14.0";
			developmentRegion = en;
			hasScannedForEncodings = 0;
			knownRegions = (
				en,
				Base,
			);
			mainGroup = 66A5F08329D458E0008F9562;
			productRefGroup = 66A5F08D29D458E0008F9562 /* Products */;
			projectDirPath = "";
			projectRoot = "";
			targets = (
				66A5F08B29D458E0008F9562 /* iOSCodingTask */,
			);
		};
/* End PBXProject section */

/* Begin PBXResourcesBuildPhase section */
		66A5F08A29D458E0008F9562 /* Resources */ = {
			isa = PBXResourcesBuildPhase;
			buildActionMask = 2147483647;
			files = (
				66A5F09F29D458E1008F9562 /* LaunchScreen.storyboard in Resources */,
				66A5F09C29D458E1008F9562 /* Assets.xcassets in Resources */,
				66A5F09729D458E0008F9562 /* Main.storyboard in Resources */,
			);
			runOnlyForDeploymentPostprocessing = 0;
		};
/* End PBXResourcesBuildPhase section */

/* Begin PBXSourcesBuildPhase section */
		66A5F08829D458E0008F9562 /* Sources */ = {
			isa = PBXSourcesBuildPhase;
			buildActionMask = 2147483647;
			files = (
				66A5F0A729D46212008F9562 /* LocationDTO.swift in Sources */,
				66A5F0B529D473D6008F9562 /* DayDTO.swift in Sources */,
				66A5F09A29D458E0008F9562 /* iOSCodingTask.xcdatamodeld in Sources */,
				66A5F0AF29D470C7008F9562 /* ForecastDTO.swift in Sources */,
				66A5F0B129D470E8008F9562 /* ForecastDayDTO.swift in Sources */,
				66A5F0CB29D48903008F9562 /* APIClient.swift in Sources */,
				66A5F0AB29D4630B008F9562 /* ConditionDTO.swift in Sources */,
				66A5F0C929D48735008F9562 /* CityModel.swift in Sources */,
				66AF206929D4D32A00F41811 /* DayModel.swift in Sources */,
				66A5F09429D458E0008F9562 /* WeatherViewController.swift in Sources */,
				66A5F0AD29D46FA7008F9562 /* WeatherDTO.swift in Sources */,
				66A5F09029D458E0008F9562 /* AppDelegate.swift in Sources */,
				66AF206C29D548FA00F41811 /* ForecastModel.swift in Sources */,
				66A5F09229D458E0008F9562 /* SceneDelegate.swift in Sources */,
				66A5F0CD29D48C23008F9562 /* ServiceLocator.swift in Sources */,
				66A5F0B729D475DC008F9562 /* EndpointCase.swift in Sources */,
				66A5F0B329D47129008F9562 /* CurrentDTO.swift in Sources */,
			);
			runOnlyForDeploymentPostprocessing = 0;
		};
/* End PBXSourcesBuildPhase section */

/* Begin PBXVariantGroup section */
		66A5F09529D458E0008F9562 /* Main.storyboard */ = {
			isa = PBXVariantGroup;
			children = (
				66A5F09629D458E0008F9562 /* Base */,
			);
			name = Main.storyboard;
			sourceTree = "<group>";
		};
		66A5F09D29D458E1008F9562 /* LaunchScreen.storyboard */ = {
			isa = PBXVariantGroup;
			children = (
				66A5F09E29D458E1008F9562 /* Base */,
			);
			name = LaunchScreen.storyboard;
			sourceTree = "<group>";
		};
/* End PBXVariantGroup section */

/* Begin XCBuildConfiguration section */
		66A5F0A129D458E1008F9562 /* Debug */ = {
			isa = XCBuildConfiguration;
			buildSettings = {
				ALWAYS_SEARCH_USER_PATHS = NO;
				CLANG_ANALYZER_NONNULL = YES;
				CLANG_ANALYZER_NUMBER_OBJECT_CONVERSION = YES_AGGRESSIVE;
				CLANG_CXX_LANGUAGE_STANDARD = "gnu++20";
				CLANG_ENABLE_MODULES = YES;
				CLANG_ENABLE_OBJC_ARC = YES;
				CLANG_ENABLE_OBJC_WEAK = YES;
				CLANG_WARN_BLOCK_CAPTURE_AUTORELEASING = YES;
				CLANG_WARN_BOOL_CONVERSION = YES;
				CLANG_WARN_COMMA = YES;
				CLANG_WARN_CONSTANT_CONVERSION = YES;
				CLANG_WARN_DEPRECATED_OBJC_IMPLEMENTATIONS = YES;
				CLANG_WARN_DIRECT_OBJC_ISA_USAGE = YES_ERROR;
				CLANG_WARN_DOCUMENTATION_COMMENTS = YES;
				CLANG_WARN_EMPTY_BODY = YES;
				CLANG_WARN_ENUM_CONVERSION = YES;
				CLANG_WARN_INFINITE_RECURSION = YES;
				CLANG_WARN_INT_CONVERSION = YES;
				CLANG_WARN_NON_LITERAL_NULL_CONVERSION = YES;
				CLANG_WARN_OBJC_IMPLICIT_RETAIN_SELF = YES;
				CLANG_WARN_OBJC_LITERAL_CONVERSION = YES;
				CLANG_WARN_OBJC_ROOT_CLASS = YES_ERROR;
				CLANG_WARN_QUOTED_INCLUDE_IN_FRAMEWORK_HEADER = YES;
				CLANG_WARN_RANGE_LOOP_ANALYSIS = YES;
				CLANG_WARN_STRICT_PROTOTYPES = YES;
				CLANG_WARN_SUSPICIOUS_MOVE = YES;
				CLANG_WARN_UNGUARDED_AVAILABILITY = YES_AGGRESSIVE;
				CLANG_WARN_UNREACHABLE_CODE = YES;
				CLANG_WARN__DUPLICATE_METHOD_MATCH = YES;
				COPY_PHASE_STRIP = NO;
				DEBUG_INFORMATION_FORMAT = dwarf;
				ENABLE_STRICT_OBJC_MSGSEND = YES;
				ENABLE_TESTABILITY = YES;
				GCC_C_LANGUAGE_STANDARD = gnu11;
				GCC_DYNAMIC_NO_PIC = NO;
				GCC_NO_COMMON_BLOCKS = YES;
				GCC_OPTIMIZATION_LEVEL = 0;
				GCC_PREPROCESSOR_DEFINITIONS = (
					"DEBUG=1",
					"$(inherited)",
				);
				GCC_WARN_64_TO_32_BIT_CONVERSION = YES;
				GCC_WARN_ABOUT_RETURN_TYPE = YES_ERROR;
				GCC_WARN_UNDECLARED_SELECTOR = YES;
				GCC_WARN_UNINITIALIZED_AUTOS = YES_AGGRESSIVE;
				GCC_WARN_UNUSED_FUNCTION = YES;
				GCC_WARN_UNUSED_VARIABLE = YES;
				IPHONEOS_DEPLOYMENT_TARGET = 16.2;
				MTL_ENABLE_DEBUG_INFO = INCLUDE_SOURCE;
				MTL_FAST_MATH = YES;
				ONLY_ACTIVE_ARCH = YES;
				SDKROOT = iphoneos;
				SWIFT_ACTIVE_COMPILATION_CONDITIONS = DEBUG;
				SWIFT_OPTIMIZATION_LEVEL = "-Onone";
			};
			name = Debug;
		};
		66A5F0A229D458E1008F9562 /* Release */ = {
			isa = XCBuildConfiguration;
			buildSettings = {
				ALWAYS_SEARCH_USER_PATHS = NO;
				CLANG_ANALYZER_NONNULL = YES;
				CLANG_ANALYZER_NUMBER_OBJECT_CONVERSION = YES_AGGRESSIVE;
				CLANG_CXX_LANGUAGE_STANDARD = "gnu++20";
				CLANG_ENABLE_MODULES = YES;
				CLANG_ENABLE_OBJC_ARC = YES;
				CLANG_ENABLE_OBJC_WEAK = YES;
				CLANG_WARN_BLOCK_CAPTURE_AUTORELEASING = YES;
				CLANG_WARN_BOOL_CONVERSION = YES;
				CLANG_WARN_COMMA = YES;
				CLANG_WARN_CONSTANT_CONVERSION = YES;
				CLANG_WARN_DEPRECATED_OBJC_IMPLEMENTATIONS = YES;
				CLANG_WARN_DIRECT_OBJC_ISA_USAGE = YES_ERROR;
				CLANG_WARN_DOCUMENTATION_COMMENTS = YES;
				CLANG_WARN_EMPTY_BODY = YES;
				CLANG_WARN_ENUM_CONVERSION = YES;
				CLANG_WARN_INFINITE_RECURSION = YES;
				CLANG_WARN_INT_CONVERSION = YES;
				CLANG_WARN_NON_LITERAL_NULL_CONVERSION = YES;
				CLANG_WARN_OBJC_IMPLICIT_RETAIN_SELF = YES;
				CLANG_WARN_OBJC_LITERAL_CONVERSION = YES;
				CLANG_WARN_OBJC_ROOT_CLASS = YES_ERROR;
				CLANG_WARN_QUOTED_INCLUDE_IN_FRAMEWORK_HEADER = YES;
				CLANG_WARN_RANGE_LOOP_ANALYSIS = YES;
				CLANG_WARN_STRICT_PROTOTYPES = YES;
				CLANG_WARN_SUSPICIOUS_MOVE = YES;
				CLANG_WARN_UNGUARDED_AVAILABILITY = YES_AGGRESSIVE;
				CLANG_WARN_UNREACHABLE_CODE = YES;
				CLANG_WARN__DUPLICATE_METHOD_MATCH = YES;
				COPY_PHASE_STRIP = NO;
				DEBUG_INFORMATION_FORMAT = "dwarf-with-dsym";
				ENABLE_NS_ASSERTIONS = NO;
				ENABLE_STRICT_OBJC_MSGSEND = YES;
				GCC_C_LANGUAGE_STANDARD = gnu11;
				GCC_NO_COMMON_BLOCKS = YES;
				GCC_WARN_64_TO_32_BIT_CONVERSION = YES;
				GCC_WARN_ABOUT_RETURN_TYPE = YES_ERROR;
				GCC_WARN_UNDECLARED_SELECTOR = YES;
				GCC_WARN_UNINITIALIZED_AUTOS = YES_AGGRESSIVE;
				GCC_WARN_UNUSED_FUNCTION = YES;
				GCC_WARN_UNUSED_VARIABLE = YES;
				IPHONEOS_DEPLOYMENT_TARGET = 16.2;
				MTL_ENABLE_DEBUG_INFO = NO;
				MTL_FAST_MATH = YES;
				SDKROOT = iphoneos;
				SWIFT_COMPILATION_MODE = wholemodule;
				SWIFT_OPTIMIZATION_LEVEL = "-O";
				VALIDATE_PRODUCT = YES;
			};
			name = Release;
		};
		66A5F0A429D458E1008F9562 /* Debug */ = {
			isa = XCBuildConfiguration;
			buildSettings = {
				ASSETCATALOG_COMPILER_APPICON_NAME = AppIcon;
				ASSETCATALOG_COMPILER_GLOBAL_ACCENT_COLOR_NAME = AccentColor;
				CODE_SIGN_STYLE = Automatic;
				CURRENT_PROJECT_VERSION = 1;
				DEVELOPMENT_TEAM = X3876YD6VQ;
				GENERATE_INFOPLIST_FILE = YES;
				INFOPLIST_FILE = iOSCodingTask/Info.plist;
				INFOPLIST_KEY_LSApplicationCategoryType = "";
				INFOPLIST_KEY_UIApplicationSupportsIndirectInputEvents = YES;
				INFOPLIST_KEY_UILaunchStoryboardName = LaunchScreen;
				INFOPLIST_KEY_UIMainStoryboardFile = Main;
				INFOPLIST_KEY_UISupportedInterfaceOrientations_iPad = "UIInterfaceOrientationPortrait UIInterfaceOrientationPortraitUpsideDown UIInterfaceOrientationLandscapeLeft UIInterfaceOrientationLandscapeRight";
				INFOPLIST_KEY_UISupportedInterfaceOrientations_iPhone = "UIInterfaceOrientationPortrait UIInterfaceOrientationLandscapeLeft UIInterfaceOrientationLandscapeRight";
				LD_RUNPATH_SEARCH_PATHS = (
					"$(inherited)",
					"@executable_path/Frameworks",
				);
				MARKETING_VERSION = 1.0;
				PRODUCT_BUNDLE_IDENTIFIER = Lyubchev.iOSCodingTask;
				PRODUCT_NAME = "$(TARGET_NAME)";
				SWIFT_EMIT_LOC_STRINGS = YES;
				SWIFT_VERSION = 5.0;
				TARGETED_DEVICE_FAMILY = "1,2";
			};
			name = Debug;
		};
		66A5F0A529D458E1008F9562 /* Release */ = {
			isa = XCBuildConfiguration;
			buildSettings = {
				ASSETCATALOG_COMPILER_APPICON_NAME = AppIcon;
				ASSETCATALOG_COMPILER_GLOBAL_ACCENT_COLOR_NAME = AccentColor;
				CODE_SIGN_STYLE = Automatic;
				CURRENT_PROJECT_VERSION = 1;
				DEVELOPMENT_TEAM = X3876YD6VQ;
				GENERATE_INFOPLIST_FILE = YES;
				INFOPLIST_FILE = iOSCodingTask/Info.plist;
				INFOPLIST_KEY_LSApplicationCategoryType = "";
				INFOPLIST_KEY_UIApplicationSupportsIndirectInputEvents = YES;
				INFOPLIST_KEY_UILaunchStoryboardName = LaunchScreen;
				INFOPLIST_KEY_UIMainStoryboardFile = Main;
				INFOPLIST_KEY_UISupportedInterfaceOrientations_iPad = "UIInterfaceOrientationPortrait UIInterfaceOrientationPortraitUpsideDown UIInterfaceOrientationLandscapeLeft UIInterfaceOrientationLandscapeRight";
				INFOPLIST_KEY_UISupportedInterfaceOrientations_iPhone = "UIInterfaceOrientationPortrait UIInterfaceOrientationLandscapeLeft UIInterfaceOrientationLandscapeRight";
				LD_RUNPATH_SEARCH_PATHS = (
					"$(inherited)",
					"@executable_path/Frameworks",
				);
				MARKETING_VERSION = 1.0;
				PRODUCT_BUNDLE_IDENTIFIER = Lyubchev.iOSCodingTask;
				PRODUCT_NAME = "$(TARGET_NAME)";
				SWIFT_EMIT_LOC_STRINGS = YES;
				SWIFT_VERSION = 5.0;
				TARGETED_DEVICE_FAMILY = "1,2";
			};
			name = Release;
		};
/* End XCBuildConfiguration section */

/* Begin XCConfigurationList section */
		66A5F08729D458E0008F9562 /* Build configuration list for PBXProject "iOSCodingTask" */ = {
			isa = XCConfigurationList;
			buildConfigurations = (
				66A5F0A129D458E1008F9562 /* Debug */,
				66A5F0A229D458E1008F9562 /* Release */,
			);
			defaultConfigurationIsVisible = 0;
			defaultConfigurationName = Release;
		};
		66A5F0A329D458E1008F9562 /* Build configuration list for PBXNativeTarget "iOSCodingTask" */ = {
			isa = XCConfigurationList;
			buildConfigurations = (
				66A5F0A429D458E1008F9562 /* Debug */,
				66A5F0A529D458E1008F9562 /* Release */,
			);
			defaultConfigurationIsVisible = 0;
			defaultConfigurationName = Release;
		};
/* End XCConfigurationList section */

/* Begin XCVersionGroup section */
		66A5F09829D458E0008F9562 /* iOSCodingTask.xcdatamodeld */ = {
			isa = XCVersionGroup;
			children = (
				66A5F09929D458E0008F9562 /* iOSCodingTask.xcdatamodel */,
			);
			currentVersion = 66A5F09929D458E0008F9562 /* iOSCodingTask.xcdatamodel */;
			path = iOSCodingTask.xcdatamodeld;
			sourceTree = "<group>";
			versionGroupType = wrapper.xcdatamodel;
		};
/* End XCVersionGroup section */
	};
	rootObject = 66A5F08429D458E0008F9562 /* Project object */;
}
